{
  "requires": true,
  "lockfileVersion": 1,
  "dependencies": {
    "ecesoc-style": {
      "version": "1.0.0",
      "resolved": "https://registry.npmjs.org/ecesoc-style/-/ecesoc-style-1.0.0.tgz",
      "integrity": "sha512-evJD2vKKibI2FJTZTCdmt2Py3UmseCm4G9PDSoGMlTSEK+TwJ1OMe3a0MohZTTPzZpSkBWvLGNc527Lz8UyCCg=="
    }
  }
}
